
Microsoft Visual Studio Solution File, Format Version 12.00
Project("{FAE04EC0-301F-11D3-BF4B-00C04F79EFBC}") = "ADValidation", "ADValidation\ADValidation.csproj", "{4897C349-1A5D-4A3E-BA0D-015CE81C437A}"
EndProject
Global
	GlobalSection(SolutionConfigurationPlatforms) = preSolution
		Debug|Any CPU = Debug|Any CPU
		Release|Any CPU = Release|Any CPU
	EndGlobalSection
	GlobalSection(ProjectConfigurationPlatforms) = postSolution
		{4897C349-1A5D-4A3E-BA0D-015CE81C437A}.Debug|Any CPU.ActiveCfg = Debug|Any CPU
		{4897C349-1A5D-4A3E-BA0D-015CE81C437A}.Debug|Any CPU.Build.0 = Debug|Any CPU
		{4897C349-1A5D-4A3E-BA0D-015CE81C437A}.Release|Any CPU.ActiveCfg = Release|Any CPU
		{4897C349-1A5D-4A3E-BA0D-015CE81C437A}.Release|Any CPU.Build.0 = Release|Any CPU
	EndGlobalSection
EndGlobal
